// !$*UTF8*$!
{
	archiveVersion = 1;
	classes = {
	};
	objectVersion = 46;
	objects = {

/* Begin PBXBuildFile section */
		15E39D8ADD87982792456C8C /* Pods_JPMMusicSearchTests.framework in Frameworks */ = {isa = PBXBuildFile; fileRef = 5CA4E5F9FC8B1154B18C5A80 /* Pods_JPMMusicSearchTests.framework */; };
		4651E78D1E22238A0029ABFF /* AppDelegate.swift in Sources */ = {isa = PBXBuildFile; fileRef = 4651E78C1E22238A0029ABFF /* AppDelegate.swift */; };
		4651E7921E22238A0029ABFF /* Main.storyboard in Resources */ = {isa = PBXBuildFile; fileRef = 4651E7901E22238A0029ABFF /* Main.storyboard */; };
		4651E7941E22238A0029ABFF /* Assets.xcassets in Resources */ = {isa = PBXBuildFile; fileRef = 4651E7931E22238A0029ABFF /* Assets.xcassets */; };
		4651E7971E22238A0029ABFF /* LaunchScreen.storyboard in Resources */ = {isa = PBXBuildFile; fileRef = 4651E7951E22238A0029ABFF /* LaunchScreen.storyboard */; };
		4651E7A21E22238A0029ABFF /* JPMMusicSearchTests.swift in Sources */ = {isa = PBXBuildFile; fileRef = 4651E7A11E22238A0029ABFF /* JPMMusicSearchTests.swift */; };
		4651E7AD1E22238A0029ABFF /* JPMMusicSearchUITests.swift in Sources */ = {isa = PBXBuildFile; fileRef = 4651E7AC1E22238A0029ABFF /* JPMMusicSearchUITests.swift */; };
		4651E7BF1E2224110029ABFF /* ItunesDataSource.swift in Sources */ = {isa = PBXBuildFile; fileRef = 4651E7BE1E2224110029ABFF /* ItunesDataSource.swift */; };
		4651E7C11E2224490029ABFF /* Track.swift in Sources */ = {isa = PBXBuildFile; fileRef = 4651E7C01E2224490029ABFF /* Track.swift */; };
		4651E7C31E2224A30029ABFF /* ListViewController.swift in Sources */ = {isa = PBXBuildFile; fileRef = 4651E7C21E2224A30029ABFF /* ListViewController.swift */; };
		4651E7C51E2224BA0029ABFF /* DetailViewController.swift in Sources */ = {isa = PBXBuildFile; fileRef = 4651E7C41E2224BA0029ABFF /* DetailViewController.swift */; };
		4651E7C71E2224DE0029ABFF /* ListItemCell.swift in Sources */ = {isa = PBXBuildFile; fileRef = 4651E7C61E2224DE0029ABFF /* ListItemCell.swift */; };
		4651E7C91E2225530029ABFF /* ListViewModel.swift in Sources */ = {isa = PBXBuildFile; fileRef = 4651E7C81E2225530029ABFF /* ListViewModel.swift */; };
		4651E7CB1E2225830029ABFF /* ListItemCellViewModel.swift in Sources */ = {isa = PBXBuildFile; fileRef = 4651E7CA1E2225830029ABFF /* ListItemCellViewModel.swift */; };
		4651E7CD1E22259F0029ABFF /* DetailViewModel.swift in Sources */ = {isa = PBXBuildFile; fileRef = 4651E7CC1E22259F0029ABFF /* DetailViewModel.swift */; };
		8F2EC8DE7D094525FFCDEBDE /* Pods_JPMMusicSearchUITests.framework in Frameworks */ = {isa = PBXBuildFile; fileRef = 044272DBF78F330CD41EEEA3 /* Pods_JPMMusicSearchUITests.framework */; };
		D35CD4B8931AF772B983BF36 /* Pods_JPMMusicSearch.framework in Frameworks */ = {isa = PBXBuildFile; fileRef = 78CD1312AB95846E588ACB44 /* Pods_JPMMusicSearch.framework */; };
/* End PBXBuildFile section */

/* Begin PBXContainerItemProxy section */
		4651E79E1E22238A0029ABFF /* PBXContainerItemProxy */ = {
			isa = PBXContainerItemProxy;
			containerPortal = 4651E7811E22238A0029ABFF /* Project object */;
			proxyType = 1;
			remoteGlobalIDString = 4651E7881E22238A0029ABFF;
			remoteInfo = JPMMusicSearch;
		};
		4651E7A91E22238A0029ABFF /* PBXContainerItemProxy */ = {
			isa = PBXContainerItemProxy;
			containerPortal = 4651E7811E22238A0029ABFF /* Project object */;
			proxyType = 1;
			remoteGlobalIDString = 4651E7881E22238A0029ABFF;
			remoteInfo = JPMMusicSearch;
		};
/* End PBXContainerItemProxy section */

/* Begin PBXFileReference section */
		044272DBF78F330CD41EEEA3 /* Pods_JPMMusicSearchUITests.framework */ = {isa = PBXFileReference; explicitFileType = wrapper.framework; includeInIndex = 0; path = Pods_JPMMusicSearchUITests.framework; sourceTree = BUILT_PRODUCTS_DIR; };
		0619E8EE5D8E553800B9260B /* Pods-JPMMusicSearchTests.debug.xcconfig */ = {isa = PBXFileReference; includeInIndex = 1; lastKnownFileType = text.xcconfig; name = "Pods-JPMMusicSearchTests.debug.xcconfig"; path = "Pods/Target Support Files/Pods-JPMMusicSearchTests/Pods-JPMMusicSearchTests.debug.xcconfig"; sourceTree = "<group>"; };
		0EB3B608CBFA4E12213718C8 /* Pods-JPMMusicSearchTests.release.xcconfig */ = {isa = PBXFileReference; includeInIndex = 1; lastKnownFileType = text.xcconfig; name = "Pods-JPMMusicSearchTests.release.xcconfig"; path = "Pods/Target Support Files/Pods-JPMMusicSearchTests/Pods-JPMMusicSearchTests.release.xcconfig"; sourceTree = "<group>"; };
		4651E7891E22238A0029ABFF /* JPMMusicSearch.app */ = {isa = PBXFileReference; explicitFileType = wrapper.application; includeInIndex = 0; path = JPMMusicSearch.app; sourceTree = BUILT_PRODUCTS_DIR; };
		4651E78C1E22238A0029ABFF /* AppDelegate.swift */ = {isa = PBXFileReference; lastKnownFileType = sourcecode.swift; path = AppDelegate.swift; sourceTree = "<group>"; };
		4651E7911E22238A0029ABFF /* Base */ = {isa = PBXFileReference; lastKnownFileType = file.storyboard; name = Base; path = Base.lproj/Main.storyboard; sourceTree = "<group>"; };
		4651E7931E22238A0029ABFF /* Assets.xcassets */ = {isa = PBXFileReference; lastKnownFileType = folder.assetcatalog; path = Assets.xcassets; sourceTree = "<group>"; };
		4651E7961E22238A0029ABFF /* Base */ = {isa = PBXFileReference; lastKnownFileType = file.storyboard; name = Base; path = Base.lproj/LaunchScreen.storyboard; sourceTree = "<group>"; };
		4651E7981E22238A0029ABFF /* Info.plist */ = {isa = PBXFileReference; lastKnownFileType = text.plist.xml; path = Info.plist; sourceTree = "<group>"; };
		4651E79D1E22238A0029ABFF /* JPMMusicSearchTests.xctest */ = {isa = PBXFileReference; explicitFileType = wrapper.cfbundle; includeInIndex = 0; path = JPMMusicSearchTests.xctest; sourceTree = BUILT_PRODUCTS_DIR; };
		4651E7A11E22238A0029ABFF /* JPMMusicSearchTests.swift */ = {isa = PBXFileReference; lastKnownFileType = sourcecode.swift; path = JPMMusicSearchTests.swift; sourceTree = "<group>"; };
		4651E7A31E22238A0029ABFF /* Info.plist */ = {isa = PBXFileReference; lastKnownFileType = text.plist.xml; path = Info.plist; sourceTree = "<group>"; };
		4651E7A81E22238A0029ABFF /* JPMMusicSearchUITests.xctest */ = {isa = PBXFileReference; explicitFileType = wrapper.cfbundle; includeInIndex = 0; path = JPMMusicSearchUITests.xctest; sourceTree = BUILT_PRODUCTS_DIR; };
		4651E7AC1E22238A0029ABFF /* JPMMusicSearchUITests.swift */ = {isa = PBXFileReference; lastKnownFileType = sourcecode.swift; path = JPMMusicSearchUITests.swift; sourceTree = "<group>"; };
		4651E7AE1E22238A0029ABFF /* Info.plist */ = {isa = PBXFileReference; lastKnownFileType = text.plist.xml; path = Info.plist; sourceTree = "<group>"; };
		4651E7BE1E2224110029ABFF /* ItunesDataSource.swift */ = {isa = PBXFileReference; fileEncoding = 4; lastKnownFileType = sourcecode.swift; path = ItunesDataSource.swift; sourceTree = "<group>"; };
		4651E7C01E2224490029ABFF /* Track.swift */ = {isa = PBXFileReference; fileEncoding = 4; lastKnownFileType = sourcecode.swift; path = Track.swift; sourceTree = "<group>"; };
		4651E7C21E2224A30029ABFF /* ListViewController.swift */ = {isa = PBXFileReference; fileEncoding = 4; lastKnownFileType = sourcecode.swift; path = ListViewController.swift; sourceTree = "<group>"; };
		4651E7C41E2224BA0029ABFF /* DetailViewController.swift */ = {isa = PBXFileReference; fileEncoding = 4; lastKnownFileType = sourcecode.swift; path = DetailViewController.swift; sourceTree = "<group>"; };
		4651E7C61E2224DE0029ABFF /* ListItemCell.swift */ = {isa = PBXFileReference; fileEncoding = 4; lastKnownFileType = sourcecode.swift; path = ListItemCell.swift; sourceTree = "<group>"; };
		4651E7C81E2225530029ABFF /* ListViewModel.swift */ = {isa = PBXFileReference; fileEncoding = 4; lastKnownFileType = sourcecode.swift; path = ListViewModel.swift; sourceTree = "<group>"; };
		4651E7CA1E2225830029ABFF /* ListItemCellViewModel.swift */ = {isa = PBXFileReference; fileEncoding = 4; lastKnownFileType = sourcecode.swift; path = ListItemCellViewModel.swift; sourceTree = "<group>"; };
		4651E7CC1E22259F0029ABFF /* DetailViewModel.swift */ = {isa = PBXFileReference; fileEncoding = 4; lastKnownFileType = sourcecode.swift; path = DetailViewModel.swift; sourceTree = "<group>"; };
		56B64AA3AF8F8610D7D80E50 /* Pods-JPMMusicSearchUITests.release.xcconfig */ = {isa = PBXFileReference; includeInIndex = 1; lastKnownFileType = text.xcconfig; name = "Pods-JPMMusicSearchUITests.release.xcconfig"; path = "Pods/Target Support Files/Pods-JPMMusicSearchUITests/Pods-JPMMusicSearchUITests.release.xcconfig"; sourceTree = "<group>"; };
		5CA4E5F9FC8B1154B18C5A80 /* Pods_JPMMusicSearchTests.framework */ = {isa = PBXFileReference; explicitFileType = wrapper.framework; includeInIndex = 0; path = Pods_JPMMusicSearchTests.framework; sourceTree = BUILT_PRODUCTS_DIR; };
		78CD1312AB95846E588ACB44 /* Pods_JPMMusicSearch.framework */ = {isa = PBXFileReference; explicitFileType = wrapper.framework; includeInIndex = 0; path = Pods_JPMMusicSearch.framework; sourceTree = BUILT_PRODUCTS_DIR; };
		B1C3AA0AE10297181E4BC490 /* Pods-JPMMusicSearchUITests.debug.xcconfig */ = {isa = PBXFileReference; includeInIndex = 1; lastKnownFileType = text.xcconfig; name = "Pods-JPMMusicSearchUITests.debug.xcconfig"; path = "Pods/Target Support Files/Pods-JPMMusicSearchUITests/Pods-JPMMusicSearchUITests.debug.xcconfig"; sourceTree = "<group>"; };
		BA896E706B2FAFA00CEA1020 /* Pods-JPMMusicSearch.debug.xcconfig */ = {isa = PBXFileReference; includeInIndex = 1; lastKnownFileType = text.xcconfig; name = "Pods-JPMMusicSearch.debug.xcconfig"; path = "Pods/Target Support Files/Pods-JPMMusicSearch/Pods-JPMMusicSearch.debug.xcconfig"; sourceTree = "<group>"; };
		ECD76E388A236A6321B9718C /* Pods-JPMMusicSearch.release.xcconfig */ = {isa = PBXFileReference; includeInIndex = 1; lastKnownFileType = text.xcconfig; name = "Pods-JPMMusicSearch.release.xcconfig"; path = "Pods/Target Support Files/Pods-JPMMusicSearch/Pods-JPMMusicSearch.release.xcconfig"; sourceTree = "<group>"; };
/* End PBXFileReference section */

/* Begin PBXFrameworksBuildPhase section */
		4651E7861E22238A0029ABFF /* Frameworks */ = {
			isa = PBXFrameworksBuildPhase;
			buildActionMask = 2147483647;
			files = (
				D35CD4B8931AF772B983BF36 /* Pods_JPMMusicSearch.framework in Frameworks */,
			);
			runOnlyForDeploymentPostprocessing = 0;
		};
		4651E79A1E22238A0029ABFF /* Frameworks */ = {
			isa = PBXFrameworksBuildPhase;
			buildActionMask = 2147483647;
			files = (
				15E39D8ADD87982792456C8C /* Pods_JPMMusicSearchTests.framework in Frameworks */,
			);
			runOnlyForDeploymentPostprocessing = 0;
		};
		4651E7A51E22238A0029ABFF /* Frameworks */ = {
			isa = PBXFrameworksBuildPhase;
			buildActionMask = 2147483647;
			files = (
				8F2EC8DE7D094525FFCDEBDE /* Pods_JPMMusicSearchUITests.framework in Frameworks */,
			);
			runOnlyForDeploymentPostprocessing = 0;
		};
/* End PBXFrameworksBuildPhase section */

/* Begin PBXGroup section */
		30AEF4A9D9E425EA635492E9 /* Frameworks */ = {
			isa = PBXGroup;
			children = (
				78CD1312AB95846E588ACB44 /* Pods_JPMMusicSearch.framework */,
				5CA4E5F9FC8B1154B18C5A80 /* Pods_JPMMusicSearchTests.framework */,
				044272DBF78F330CD41EEEA3 /* Pods_JPMMusicSearchUITests.framework */,
			);
			name = Frameworks;
			sourceTree = "<group>";
		};
		4651E7801E22238A0029ABFF = {
			isa = PBXGroup;
			children = (
				4651E78B1E22238A0029ABFF /* JPMMusicSearch */,
				4651E7A01E22238A0029ABFF /* JPMMusicSearchTests */,
				4651E7AB1E22238A0029ABFF /* JPMMusicSearchUITests */,
				4651E78A1E22238A0029ABFF /* Products */,
				D5EC7CB11B1E7EF4FAFE7369 /* Pods */,
				30AEF4A9D9E425EA635492E9 /* Frameworks */,
			);
			sourceTree = "<group>";
		};
		4651E78A1E22238A0029ABFF /* Products */ = {
			isa = PBXGroup;
			children = (
				4651E7891E22238A0029ABFF /* JPMMusicSearch.app */,
				4651E79D1E22238A0029ABFF /* JPMMusicSearchTests.xctest */,
				4651E7A81E22238A0029ABFF /* JPMMusicSearchUITests.xctest */,
			);
			name = Products;
			sourceTree = "<group>";
		};
		4651E78B1E22238A0029ABFF /* JPMMusicSearch */ = {
			isa = PBXGroup;
			children = (
				4651E7BD1E2223F80029ABFF /* Data */,
				4651E7BC1E2223EF0029ABFF /* Model */,
				4651E7BB1E2223E50029ABFF /* View */,
				4651E7BA1E2223E10029ABFF /* ViewModel */,
				4651E78C1E22238A0029ABFF /* AppDelegate.swift */,
				4651E7901E22238A0029ABFF /* Main.storyboard */,
				4651E7931E22238A0029ABFF /* Assets.xcassets */,
				4651E7951E22238A0029ABFF /* LaunchScreen.storyboard */,
				4651E7981E22238A0029ABFF /* Info.plist */,
			);
			path = JPMMusicSearch;
			sourceTree = "<group>";
		};
		4651E7A01E22238A0029ABFF /* JPMMusicSearchTests */ = {
			isa = PBXGroup;
			children = (
				4651E7A11E22238A0029ABFF /* JPMMusicSearchTests.swift */,
				4651E7A31E22238A0029ABFF /* Info.plist */,
			);
			path = JPMMusicSearchTests;
			sourceTree = "<group>";
		};
		4651E7AB1E22238A0029ABFF /* JPMMusicSearchUITests */ = {
			isa = PBXGroup;
			children = (
				4651E7AC1E22238A0029ABFF /* JPMMusicSearchUITests.swift */,
				4651E7AE1E22238A0029ABFF /* Info.plist */,
			);
			path = JPMMusicSearchUITests;
			sourceTree = "<group>";
		};
		4651E7BA1E2223E10029ABFF /* ViewModel */ = {
			isa = PBXGroup;
			children = (
				4651E7C81E2225530029ABFF /* ListViewModel.swift */,
				4651E7CA1E2225830029ABFF /* ListItemCellViewModel.swift */,
				4651E7CC1E22259F0029ABFF /* DetailViewModel.swift */,
			);
			name = ViewModel;
			sourceTree = "<group>";
		};
		4651E7BB1E2223E50029ABFF /* View */ = {
			isa = PBXGroup;
			children = (
				4651E7C21E2224A30029ABFF /* ListViewController.swift */,
				4651E7C41E2224BA0029ABFF /* DetailViewController.swift */,
				4651E7C61E2224DE0029ABFF /* ListItemCell.swift */,
			);
			name = View;
			sourceTree = "<group>";
		};
		4651E7BC1E2223EF0029ABFF /* Model */ = {
			isa = PBXGroup;
			children = (
				4651E7C01E2224490029ABFF /* Track.swift */,
			);
			name = Model;
			sourceTree = "<group>";
		};
		4651E7BD1E2223F80029ABFF /* Data */ = {
			isa = PBXGroup;
			children = (
				4651E7BE1E2224110029ABFF /* ItunesDataSource.swift */,
			);
			name = Data;
			sourceTree = "<group>";
		};
		D5EC7CB11B1E7EF4FAFE7369 /* Pods */ = {
			isa = PBXGroup;
			children = (
				BA896E706B2FAFA00CEA1020 /* Pods-JPMMusicSearch.debug.xcconfig */,
				ECD76E388A236A6321B9718C /* Pods-JPMMusicSearch.release.xcconfig */,
				0619E8EE5D8E553800B9260B /* Pods-JPMMusicSearchTests.debug.xcconfig */,
				0EB3B608CBFA4E12213718C8 /* Pods-JPMMusicSearchTests.release.xcconfig */,
				B1C3AA0AE10297181E4BC490 /* Pods-JPMMusicSearchUITests.debug.xcconfig */,
				56B64AA3AF8F8610D7D80E50 /* Pods-JPMMusicSearchUITests.release.xcconfig */,
			);
			name = Pods;
			sourceTree = "<group>";
		};
/* End PBXGroup section */

/* Begin PBXNativeTarget section */
		4651E7881E22238A0029ABFF /* JPMMusicSearch */ = {
			isa = PBXNativeTarget;
			buildConfigurationList = 4651E7B11E22238A0029ABFF /* Build configuration list for PBXNativeTarget "JPMMusicSearch" */;
			buildPhases = (
				7727E15D337DF127D5A6C0DC /* [CP] Check Pods Manifest.lock */,
				4651E7851E22238A0029ABFF /* Sources */,
				4651E7861E22238A0029ABFF /* Frameworks */,
				4651E7871E22238A0029ABFF /* Resources */,
				CF6120241035973254152809 /* [CP] Embed Pods Frameworks */,
				CB0FCF9D8D0888497BD8AFE6 /* [CP] Copy Pods Resources */,
			);
			buildRules = (
			);
			dependencies = (
			);
			name = JPMMusicSearch;
			productName = JPMMusicSearch;
			productReference = 4651E7891E22238A0029ABFF /* JPMMusicSearch.app */;
			productType = "com.apple.product-type.application";
		};
		4651E79C1E22238A0029ABFF /* JPMMusicSearchTests */ = {
			isa = PBXNativeTarget;
			buildConfigurationList = 4651E7B41E22238A0029ABFF /* Build configuration list for PBXNativeTarget "JPMMusicSearchTests" */;
			buildPhases = (
				4DED1C48114B9D69EE493413 /* [CP] Check Pods Manifest.lock */,
				4651E7991E22238A0029ABFF /* Sources */,
				4651E79A1E22238A0029ABFF /* Frameworks */,
				4651E79B1E22238A0029ABFF /* Resources */,
				4DD743EA0F35FFDE67FF0732 /* [CP] Embed Pods Frameworks */,
				3A0D5D974621B1189D7C6438 /* [CP] Copy Pods Resources */,
			);
			buildRules = (
			);
			dependencies = (
				4651E79F1E22238A0029ABFF /* PBXTargetDependency */,
			);
			name = JPMMusicSearchTests;
			productName = JPMMusicSearchTests;
			productReference = 4651E79D1E22238A0029ABFF /* JPMMusicSearchTests.xctest */;
			productType = "com.apple.product-type.bundle.unit-test";
		};
		4651E7A71E22238A0029ABFF /* JPMMusicSearchUITests */ = {
			isa = PBXNativeTarget;
			buildConfigurationList = 4651E7B71E22238A0029ABFF /* Build configuration list for PBXNativeTarget "JPMMusicSearchUITests" */;
			buildPhases = (
				00E4B1A0F4EE9156323E9E39 /* [CP] Check Pods Manifest.lock */,
				4651E7A41E22238A0029ABFF /* Sources */,
				4651E7A51E22238A0029ABFF /* Frameworks */,
				4651E7A61E22238A0029ABFF /* Resources */,
				E6D9626D4B6E45F6C2A8E7BB /* [CP] Copy Pods Resources */,
			);
			buildRules = (
			);
			dependencies = (
				4651E7AA1E22238A0029ABFF /* PBXTargetDependency */,
			);
			name = JPMMusicSearchUITests;
			productName = JPMMusicSearchUITests;
			productReference = 4651E7A81E22238A0029ABFF /* JPMMusicSearchUITests.xctest */;
			productType = "com.apple.product-type.bundle.ui-testing";
		};
/* End PBXNativeTarget section */

/* Begin PBXProject section */
		4651E7811E22238A0029ABFF /* Project object */ = {
			isa = PBXProject;
			attributes = {
				LastSwiftUpdateCheck = 0810;
				LastUpgradeCheck = 0820;
				ORGANIZATIONNAME = "Savings iOS Dev";
				TargetAttributes = {
					4651E7881E22238A0029ABFF = {
						CreatedOnToolsVersion = 8.1;
						DevelopmentTeam = Q8K5LFSE6P;
						ProvisioningStyle = Manual;
					};
					4651E79C1E22238A0029ABFF = {
						CreatedOnToolsVersion = 8.1;
						DevelopmentTeam = Q8K5LFSE6P;
						ProvisioningStyle = Automatic;
						TestTargetID = 4651E7881E22238A0029ABFF;
					};
					4651E7A71E22238A0029ABFF = {
						CreatedOnToolsVersion = 8.1;
						DevelopmentTeam = Q8K5LFSE6P;
						ProvisioningStyle = Automatic;
						TestTargetID = 4651E7881E22238A0029ABFF;
					};
				};
			};
			buildConfigurationList = 4651E7841E22238A0029ABFF /* Build configuration list for PBXProject "JPMMusicSearch" */;
			compatibilityVersion = "Xcode 3.2";
			developmentRegion = English;
			hasScannedForEncodings = 0;
			knownRegions = (
				en,
				Base,
			);
			mainGroup = 4651E7801E22238A0029ABFF;
			productRefGroup = 4651E78A1E22238A0029ABFF /* Products */;
			projectDirPath = "";
			projectRoot = "";
			targets = (
				4651E7881E22238A0029ABFF /* JPMMusicSearch */,
				4651E79C1E22238A0029ABFF /* JPMMusicSearchTests */,
				4651E7A71E22238A0029ABFF /* JPMMusicSearchUITests */,
			);
		};
/* End PBXProject section */

/* Begin PBXResourcesBuildPhase section */
		4651E7871E22238A0029ABFF /* Resources */ = {
			isa = PBXResourcesBuildPhase;
			buildActionMask = 2147483647;
			files = (
				4651E7971E22238A0029ABFF /* LaunchScreen.storyboard in Resources */,
				4651E7941E22238A0029ABFF /* Assets.xcassets in Resources */,
				4651E7921E22238A0029ABFF /* Main.storyboard in Resources */,
			);
			runOnlyForDeploymentPostprocessing = 0;
		};
		4651E79B1E22238A0029ABFF /* Resources */ = {
			isa = PBXResourcesBuildPhase;
			buildActionMask = 2147483647;
			files = (
			);
			runOnlyForDeploymentPostprocessing = 0;
		};
		4651E7A61E22238A0029ABFF /* Resources */ = {
			isa = PBXResourcesBuildPhase;
			buildActionMask = 2147483647;
			files = (
			);
			runOnlyForDeploymentPostprocessing = 0;
		};
/* End PBXResourcesBuildPhase section */

/* Begin PBXShellScriptBuildPhase section */
		00E4B1A0F4EE9156323E9E39 /* [CP] Check Pods Manifest.lock */ = {
			isa = PBXShellScriptBuildPhase;
			buildActionMask = 2147483647;
			files = (
			);
			inputPaths = (
			);
			name = "[CP] Check Pods Manifest.lock";
			outputPaths = (
			);
			runOnlyForDeploymentPostprocessing = 0;
			shellPath = /bin/sh;
			shellScript = "diff \"${PODS_ROOT}/../Podfile.lock\" \"${PODS_ROOT}/Manifest.lock\" > /dev/null\nif [[ $? != 0 ]] ; then\n    cat << EOM\nerror: The sandbox is not in sync with the Podfile.lock. Run 'pod install' or update your CocoaPods installation.\nEOM\n    exit 1\nfi\n";
			showEnvVarsInLog = 0;
		};
		3A0D5D974621B1189D7C6438 /* [CP] Copy Pods Resources */ = {
			isa = PBXShellScriptBuildPhase;
			buildActionMask = 2147483647;
			files = (
			);
			inputPaths = (
			);
			name = "[CP] Copy Pods Resources";
			outputPaths = (
			);
			runOnlyForDeploymentPostprocessing = 0;
			shellPath = /bin/sh;
			shellScript = "\"${SRCROOT}/Pods/Target Support Files/Pods-JPMMusicSearchTests/Pods-JPMMusicSearchTests-resources.sh\"\n";
			showEnvVarsInLog = 0;
		};
		4DD743EA0F35FFDE67FF0732 /* [CP] Embed Pods Frameworks */ = {
			isa = PBXShellScriptBuildPhase;
			buildActionMask = 2147483647;
			files = (
			);
			inputPaths = (
			);
			name = "[CP] Embed Pods Frameworks";
			outputPaths = (
			);
			runOnlyForDeploymentPostprocessing = 0;
			shellPath = /bin/sh;
			shellScript = "\"${SRCROOT}/Pods/Target Support Files/Pods-JPMMusicSearchTests/Pods-JPMMusicSearchTests-frameworks.sh\"\n";
			showEnvVarsInLog = 0;
		};
		4DED1C48114B9D69EE493413 /* [CP] Check Pods Manifest.lock */ = {
			isa = PBXShellScriptBuildPhase;
			buildActionMask = 2147483647;
			files = (
			);
			inputPaths = (
			);
			name = "[CP] Check Pods Manifest.lock";
			outputPaths = (
			);
			runOnlyForDeploymentPostprocessing = 0;
			shellPath = /bin/sh;
			shellScript = "diff \"${PODS_ROOT}/../Podfile.lock\" \"${PODS_ROOT}/Manifest.lock\" > /dev/null\nif [[ $? != 0 ]] ; then\n    cat << EOM\nerror: The sandbox is not in sync with the Podfile.lock. Run 'pod install' or update your CocoaPods installation.\nEOM\n    exit 1\nfi\n";
			showEnvVarsInLog = 0;
		};
		7727E15D337DF127D5A6C0DC /* [CP] Check Pods Manifest.lock */ = {
			isa = PBXShellScriptBuildPhase;
			buildActionMask = 2147483647;
			files = (
			);
			inputPaths = (
			);
			name = "[CP] Check Pods Manifest.lock";
			outputPaths = (
			);
			runOnlyForDeploymentPostprocessing = 0;
			shellPath = /bin/sh;
			shellScript = "diff \"${PODS_ROOT}/../Podfile.lock\" \"${PODS_ROOT}/Manifest.lock\" > /dev/null\nif [[ $? != 0 ]] ; then\n    cat << EOM\nerror: The sandbox is not in sync with the Podfile.lock. Run 'pod install' or update your CocoaPods installation.\nEOM\n    exit 1\nfi\n";
			showEnvVarsInLog = 0;
		};
		CB0FCF9D8D0888497BD8AFE6 /* [CP] Copy Pods Resources */ = {
			isa = PBXShellScriptBuildPhase;
			buildActionMask = 2147483647;
			files = (
			);
			inputPaths = (
			);
			name = "[CP] Copy Pods Resources";
			outputPaths = (
			);
			runOnlyForDeploymentPostprocessing = 0;
			shellPath = /bin/sh;
			shellScript = "\"${SRCROOT}/Pods/Target Support Files/Pods-JPMMusicSearch/Pods-JPMMusicSearch-resources.sh\"\n";
			showEnvVarsInLog = 0;
		};
		CF6120241035973254152809 /* [CP] Embed Pods Frameworks */ = {
			isa = PBXShellScriptBuildPhase;
			buildActionMask = 2147483647;
			files = (
			);
			inputPaths = (
			);
			name = "[CP] Embed Pods Frameworks";
			outputPaths = (
			);
			runOnlyForDeploymentPostprocessing = 0;
			shellPath = /bin/sh;
			shellScript = "\"${SRCROOT}/Pods/Target Support Files/Pods-JPMMusicSearch/Pods-JPMMusicSearch-frameworks.sh\"\n";
			showEnvVarsInLog = 0;
		};
		E6D9626D4B6E45F6C2A8E7BB /* [CP] Copy Pods Resources */ = {
			isa = PBXShellScriptBuildPhase;
			buildActionMask = 2147483647;
			files = (
			);
			inputPaths = (
			);
			name = "[CP] Copy Pods Resources";
			outputPaths = (
			);
			runOnlyForDeploymentPostprocessing = 0;
			shellPath = /bin/sh;
			shellScript = "\"${SRCROOT}/Pods/Target Support Files/Pods-JPMMusicSearchUITests/Pods-JPMMusicSearchUITests-resources.sh\"\n";
			showEnvVarsInLog = 0;
		};
/* End PBXShellScriptBuildPhase section */

/* Begin PBXSourcesBuildPhase section */
		4651E7851E22238A0029ABFF /* Sources */ = {
			isa = PBXSourcesBuildPhase;
			buildActionMask = 2147483647;
			files = (
				4651E7BF1E2224110029ABFF /* ItunesDataSource.swift in Sources */,
				4651E78D1E22238A0029ABFF /* AppDelegate.swift in Sources */,
				4651E7C91E2225530029ABFF /* ListViewModel.swift in Sources */,
				4651E7C71E2224DE0029ABFF /* ListItemCell.swift in Sources */,
				4651E7CD1E22259F0029ABFF /* DetailViewModel.swift in Sources */,
				4651E7C51E2224BA0029ABFF /* DetailViewController.swift in Sources */,
				4651E7CB1E2225830029ABFF /* ListItemCellViewModel.swift in Sources */,
				4651E7C31E2224A30029ABFF /* ListViewController.swift in Sources */,
				4651E7C11E2224490029ABFF /* Track.swift in Sources */,
			);
			runOnlyForDeploymentPostprocessing = 0;
		};
		4651E7991E22238A0029ABFF /* Sources */ = {
			isa = PBXSourcesBuildPhase;
			buildActionMask = 2147483647;
			files = (
				4651E7A21E22238A0029ABFF /* JPMMusicSearchTests.swift in Sources */,
			);
			runOnlyForDeploymentPostprocessing = 0;
		};
		4651E7A41E22238A0029ABFF /* Sources */ = {
			isa = PBXSourcesBuildPhase;
			buildActionMask = 2147483647;
			files = (
				4651E7AD1E22238A0029ABFF /* JPMMusicSearchUITests.swift in Sources */,
			);
			runOnlyForDeploymentPostprocessing = 0;
		};
/* End PBXSourcesBuildPhase section */

/* Begin PBXTargetDependency section */
		4651E79F1E22238A0029ABFF /* PBXTargetDependency */ = {
			isa = PBXTargetDependency;
			target = 4651E7881E22238A0029ABFF /* JPMMusicSearch */;
			targetProxy = 4651E79E1E22238A0029ABFF /* PBXContainerItemProxy */;
		};
		4651E7AA1E22238A0029ABFF /* PBXTargetDependency */ = {
			isa = PBXTargetDependency;
			target = 4651E7881E22238A0029ABFF /* JPMMusicSearch */;
			targetProxy = 4651E7A91E22238A0029ABFF /* PBXContainerItemProxy */;
		};
/* End PBXTargetDependency section */

/* Begin PBXVariantGroup section */
		4651E7901E22238A0029ABFF /* Main.storyboard */ = {
			isa = PBXVariantGroup;
			children = (
				4651E7911E22238A0029ABFF /* Base */,
			);
			name = Main.storyboard;
			sourceTree = "<group>";
		};
		4651E7951E22238A0029ABFF /* LaunchScreen.storyboard */ = {
			isa = PBXVariantGroup;
			children = (
				4651E7961E22238A0029ABFF /* Base */,
			);
			name = LaunchScreen.storyboard;
			sourceTree = "<group>";
		};
/* End PBXVariantGroup section */

/* Begin XCBuildConfiguration section */
		4651E7AF1E22238A0029ABFF /* Debug */ = {
			isa = XCBuildConfiguration;
			buildSettings = {
				ALWAYS_SEARCH_USER_PATHS = NO;
				CLANG_ANALYZER_NONNULL = YES;
				CLANG_CXX_LANGUAGE_STANDARD = "gnu++0x";
				CLANG_CXX_LIBRARY = "libc++";
				CLANG_ENABLE_MODULES = YES;
				CLANG_ENABLE_OBJC_ARC = YES;
				CLANG_WARN_BOOL_CONVERSION = YES;
				CLANG_WARN_CONSTANT_CONVERSION = YES;
				CLANG_WARN_DIRECT_OBJC_ISA_USAGE = YES_ERROR;
				CLANG_WARN_DOCUMENTATION_COMMENTS = YES;
				CLANG_WARN_EMPTY_BODY = YES;
				CLANG_WARN_ENUM_CONVERSION = YES;
				CLANG_WARN_INFINITE_RECURSION = YES;
				CLANG_WARN_INT_CONVERSION = YES;
				CLANG_WARN_OBJC_ROOT_CLASS = YES_ERROR;
				CLANG_WARN_SUSPICIOUS_MOVE = YES;
				CLANG_WARN_SUSPICIOUS_MOVES = YES;
				CLANG_WARN_UNREACHABLE_CODE = YES;
				CLANG_WARN__DUPLICATE_METHOD_MATCH = YES;
				"CODE_SIGN_IDENTITY[sdk=iphoneos*]" = "iPhone Developer";
				COPY_PHASE_STRIP = NO;
				DEBUG_INFORMATION_FORMAT = dwarf;
				ENABLE_STRICT_OBJC_MSGSEND = YES;
				ENABLE_TESTABILITY = YES;
				GCC_C_LANGUAGE_STANDARD = gnu99;
				GCC_DYNAMIC_NO_PIC = NO;
				GCC_NO_COMMON_BLOCKS = YES;
				GCC_OPTIMIZATION_LEVEL = 0;
				GCC_PREPROCESSOR_DEFINITIONS = (
					"DEBUG=1",
					"$(inherited)",
				);
				GCC_WARN_64_TO_32_BIT_CONVERSION = YES;
				GCC_WARN_ABOUT_RETURN_TYPE = YES_ERROR;
				GCC_WARN_UNDECLARED_SELECTOR = YES;
				GCC_WARN_UNINITIALIZED_AUTOS = YES_AGGRESSIVE;
				GCC_WARN_UNUSED_FUNCTION = YES;
				GCC_WARN_UNUSED_VARIABLE = YES;
				IPHONEOS_DEPLOYMENT_TARGET = 10.1;
				MTL_ENABLE_DEBUG_INFO = YES;
				ONLY_ACTIVE_ARCH = YES;
				SDKROOT = iphoneos;
				SWIFT_ACTIVE_COMPILATION_CONDITIONS = DEBUG;
				SWIFT_OPTIMIZATION_LEVEL = "-Onone";
			};
			name = Debug;
		};
		4651E7B01E22238A0029ABFF /* Release */ = {
			isa = XCBuildConfiguration;
			buildSettings = {
				ALWAYS_SEARCH_USER_PATHS = NO;
				CLANG_ANALYZER_NONNULL = YES;
				CLANG_CXX_LANGUAGE_STANDARD = "gnu++0x";
				CLANG_CXX_LIBRARY = "libc++";
				CLANG_ENABLE_MODULES = YES;
				CLANG_ENABLE_OBJC_ARC = YES;
				CLANG_WARN_BOOL_CONVERSION = YES;
				CLANG_WARN_CONSTANT_CONVERSION = YES;
				CLANG_WARN_DIRECT_OBJC_ISA_USAGE = YES_ERROR;
				CLANG_WARN_DOCUMENTATION_COMMENTS = YES;
				CLANG_WARN_EMPTY_BODY = YES;
				CLANG_WARN_ENUM_CONVERSION = YES;
				CLANG_WARN_INFINITE_RECURSION = YES;
				CLANG_WARN_INT_CONVERSION = YES;
				CLANG_WARN_OBJC_ROOT_CLASS = YES_ERROR;
				CLANG_WARN_SUSPICIOUS_MOVE = YES;
				CLANG_WARN_SUSPICIOUS_MOVES = YES;
				CLANG_WARN_UNREACHABLE_CODE = YES;
				CLANG_WARN__DUPLICATE_METHOD_MATCH = YES;
				"CODE_SIGN_IDENTITY[sdk=iphoneos*]" = "iPhone Developer";
				COPY_PHASE_STRIP = NO;
				DEBUG_INFORMATION_FORMAT = "dwarf-with-dsym";
				ENABLE_NS_ASSERTIONS = NO;
				ENABLE_STRICT_OBJC_MSGSEND = YES;
				GCC_C_LANGUAGE_STANDARD = gnu99;
				GCC_NO_COMMON_BLOCKS = YES;
				GCC_WARN_64_TO_32_BIT_CONVERSION = YES;
				GCC_WARN_ABOUT_RETURN_TYPE = YES_ERROR;
				GCC_WARN_UNDECLARED_SELECTOR = YES;
				GCC_WARN_UNINITIALIZED_AUTOS = YES_AGGRESSIVE;
				GCC_WARN_UNUSED_FUNCTION = YES;
				GCC_WARN_UNUSED_VARIABLE = YES;
				IPHONEOS_DEPLOYMENT_TARGET = 10.1;
				MTL_ENABLE_DEBUG_INFO = NO;
				SDKROOT = iphoneos;
				SWIFT_OPTIMIZATION_LEVEL = "-Owholemodule";
				VALIDATE_PRODUCT = YES;
			};
			name = Release;
		};
		4651E7B21E22238A0029ABFF /* Debug */ = {
			isa = XCBuildConfiguration;
			baseConfigurationReference = BA896E706B2FAFA00CEA1020 /* Pods-JPMMusicSearch.debug.xcconfig */;
			buildSettings = {
				ALWAYS_EMBED_SWIFT_STANDARD_LIBRARIES = YES;
				ASSETCATALOG_COMPILER_APPICON_NAME = AppIcon;
				COPY_PHASE_STRIP = YES;
				DEVELOPMENT_TEAM = Q8K5LFSE6P;
				INFOPLIST_FILE = JPMMusicSearch/Info.plist;
				LD_RUNPATH_SEARCH_PATHS = "$(inherited) @executable_path/Frameworks";
				PRODUCT_BUNDLE_IDENTIFIER = com.savingiosdeveloper.musicsearch;
				PRODUCT_NAME = "$(TARGET_NAME)";
				PROVISIONING_PROFILE = "3e0248c0-b069-4492-b180-eb76362262e8";
				PROVISIONING_PROFILE_SPECIFIER = MusicSearch;
				SWIFT_VERSION = 3.0;
			};
			name = Debug;
		};
		4651E7B31E22238A0029ABFF /* Release */ = {
			isa = XCBuildConfiguration;
			baseConfigurationReference = ECD76E388A236A6321B9718C /* Pods-JPMMusicSearch.release.xcconfig */;
			buildSettings = {
				ALWAYS_EMBED_SWIFT_STANDARD_LIBRARIES = YES;
				ASSETCATALOG_COMPILER_APPICON_NAME = AppIcon;
				"CODE_SIGN_IDENTITY[sdk=iphoneos*]" = "iPhone Distribution";
				COPY_PHASE_STRIP = YES;
				DEVELOPMENT_TEAM = Q8K5LFSE6P;
				INFOPLIST_FILE = JPMMusicSearch/Info.plist;
				LD_RUNPATH_SEARCH_PATHS = "$(inherited) @executable_path/Frameworks";
				PRODUCT_BUNDLE_IDENTIFIER = com.savingiosdeveloper.musicsearch;
				PRODUCT_NAME = "$(TARGET_NAME)";
				PROVISIONING_PROFILE = "f2a88977-6b52-4cd3-bdd0-dd1339fa3eee";
				PROVISIONING_PROFILE_SPECIFIER = MusicSearchDis;
				SWIFT_VERSION = 3.0;
			};
			name = Release;
		};
		4651E7B51E22238A0029ABFF /* Debug */ = {
			isa = XCBuildConfiguration;
			baseConfigurationReference = 0619E8EE5D8E553800B9260B /* Pods-JPMMusicSearchTests.debug.xcconfig */;
			buildSettings = {
				ALWAYS_EMBED_SWIFT_STANDARD_LIBRARIES = YES;
				BUNDLE_LOADER = "$(TEST_HOST)";
				DEVELOPMENT_TEAM = Q8K5LFSE6P;
				INFOPLIST_FILE = JPMMusicSearchTests/Info.plist;
				LD_RUNPATH_SEARCH_PATHS = "$(inherited) @executable_path/Frameworks @loader_path/Frameworks";
				PRODUCT_BUNDLE_IDENTIFIER = com.savingiosdev.JPMMusicSearchTests;
				PRODUCT_NAME = "$(TARGET_NAME)";
				SWIFT_VERSION = 3.0;
				TEST_HOST = "$(BUILT_PRODUCTS_DIR)/JPMMusicSearch.app/JPMMusicSearch";
			};
			name = Debug;
		};
		4651E7B61E22238A0029ABFF /* Release */ = {
			isa = XCBuildConfiguration;
			baseConfigurationReference = 0EB3B608CBFA4E12213718C8 /* Pods-JPMMusicSearchTests.release.xcconfig */;
			buildSettings = {
				ALWAYS_EMBED_SWIFT_STANDARD_LIBRARIES = YES;
				BUNDLE_LOADER = "$(TEST_HOST)";
				DEVELOPMENT_TEAM = Q8K5LFSE6P;
				INFOPLIST_FILE = JPMMusicSearchTests/Info.plist;
				LD_RUNPATH_SEARCH_PATHS = "$(inherited) @executable_path/Frameworks @loader_path/Frameworks";
				PRODUCT_BUNDLE_IDENTIFIER = com.savingiosdev.JPMMusicSearchTests;
				PRODUCT_NAME = "$(TARGET_NAME)";
				SWIFT_VERSION = 3.0;
				TEST_HOST = "$(BUILT_PRODUCTS_DIR)/JPMMusicSearch.app/JPMMusicSearch";
			};
			name = Release;
		};
		4651E7B81E22238A0029ABFF /* Debug */ = {
			isa = XCBuildConfiguration;
			baseConfigurationReference = B1C3AA0AE10297181E4BC490 /* Pods-JPMMusicSearchUITests.debug.xcconfig */;
			buildSettings = {
				ALWAYS_EMBED_SWIFT_STANDARD_LIBRARIES = YES;
				DEVELOPMENT_TEAM = Q8K5LFSE6P;
				INFOPLIST_FILE = JPMMusicSearchUITests/Info.plist;
				LD_RUNPATH_SEARCH_PATHS = "$(inherited) @executable_path/Frameworks @loader_path/Frameworks";
				PRODUCT_BUNDLE_IDENTIFIER = com.savingiosdev.JPMMusicSearchUITests;
				PRODUCT_NAME = "$(TARGET_NAME)";
				SWIFT_VERSION = 3.0;
				TEST_TARGET_NAME = JPMMusicSearch;
			};
			name = Debug;
		};
		4651E7B91E22238A0029ABFF /* Release */ = {
			isa = XCBuildConfiguration;
			baseConfigurationReference = 56B64AA3AF8F8610D7D80E50 /* Pods-JPMMusicSearchUITests.release.xcconfig */;
			buildSettings = {
				ALWAYS_EMBED_SWIFT_STANDARD_LIBRARIES = YES;
				DEVELOPMENT_TEAM = Q8K5LFSE6P;
				INFOPLIST_FILE = JPMMusicSearchUITests/Info.plist;
				LD_RUNPATH_SEARCH_PATHS = "$(inherited) @executable_path/Frameworks @loader_path/Frameworks";
				PRODUCT_BUNDLE_IDENTIFIER = com.savingiosdev.JPMMusicSearchUITests;
				PRODUCT_NAME = "$(TARGET_NAME)";
				SWIFT_VERSION = 3.0;
				TEST_TARGET_NAME = JPMMusicSearch;
			};
			name = Release;
		};
/* End XCBuildConfiguration section */

/* Begin XCConfigurationList section */
		4651E7841E22238A0029ABFF /* Build configuration list for PBXProject "JPMMusicSearch" */ = {
			isa = XCConfigurationList;
			buildConfigurations = (
				4651E7AF1E22238A0029ABFF /* Debug */,
				4651E7B01E22238A0029ABFF /* Release */,
			);
			defaultConfigurationIsVisible = 0;
			defaultConfigurationName = Release;
		};
		4651E7B11E22238A0029ABFF /* Build configuration list for PBXNativeTarget "JPMMusicSearch" */ = {
			isa = XCConfigurationList;
			buildConfigurations = (
				4651E7B21E22238A0029ABFF /* Debug */,
				4651E7B31E22238A0029ABFF /* Release */,
			);
			defaultConfigurationIsVisible = 0;
			defaultConfigurationName = Release;
		};
		4651E7B41E22238A0029ABFF /* Build configuration list for PBXNativeTarget "JPMMusicSearchTests" */ = {
			isa = XCConfigurationList;
			buildConfigurations = (
				4651E7B51E22238A0029ABFF /* Debug */,
				4651E7B61E22238A0029ABFF /* Release */,
			);
			defaultConfigurationIsVisible = 0;
			defaultConfigurationName = Release;
		};
		4651E7B71E22238A0029ABFF /* Build configuration list for PBXNativeTarget "JPMMusicSearchUITests" */ = {
			isa = XCConfigurationList;
			buildConfigurations = (
				4651E7B81E22238A0029ABFF /* Debug */,
				4651E7B91E22238A0029ABFF /* Release */,
			);
			defaultConfigurationIsVisible = 0;
			defaultConfigurationName = Release;
		};
/* End XCConfigurationList section */
	};
	rootObject = 4651E7811E22238A0029ABFF /* Project object */;
}
